
Microsoft Visual Studio Solution File, Format Version 12.00
# Visual Studio 14
VisualStudioVersion = 14.0.25420.1
MinimumVisualStudioVersion = 10.0.40219.1
Project("{FAE04EC0-301F-11D3-BF4B-00C04F79EFBC}") = "XamarinApp1.Android", "XamarinApp1\XamarinApp1.Android\XamarinApp1.Android.csproj", "{921E45E3-BF2D-405D-BF2C-CA76F298C299}"
EndProject
Project("{FAE04EC0-301F-11D3-BF4B-00C04F79EFBC}") = "XamarinApp1", "XamarinApp1\XamarinApp1\XamarinApp1.csproj", "{76042C5E-722B-4CC9-BD72-CD7C9FE5601E}"
EndProject
Project("{FAE04EC0-301F-11D3-BF4B-00C04F79EFBC}") = "XamarinApp1.UWP", "XamarinApp1\XamarinApp1.UWP\XamarinApp1.UWP.csproj", "{63C4886D-E62C-4C9C-BF94-36E0462EE1A7}"
EndProject
Project("{FAE04EC0-301F-11D3-BF4B-00C04F79EFBC}") = "XamarinApp1.iOS", "XamarinApp1\XamarinApp1.iOS\XamarinApp1.iOS.csproj", "{62427EF7-6028-40EE-9430-B2BC2B5083DF}"
EndProject
Global
	GlobalSection(SolutionConfigurationPlatforms) = preSolution
		Ad-Hoc|Any CPU = Ad-Hoc|Any CPU
		Ad-Hoc|ARM = Ad-Hoc|ARM
		Ad-Hoc|iPhone = Ad-Hoc|iPhone
		Ad-Hoc|iPhoneSimulator = Ad-Hoc|iPhoneSimulator
		Ad-Hoc|x64 = Ad-Hoc|x64
		Ad-Hoc|x86 = Ad-Hoc|x86
		AppStore|Any CPU = AppStore|Any CPU
		AppStore|ARM = AppStore|ARM
		AppStore|iPhone = AppStore|iPhone
		AppStore|iPhoneSimulator = AppStore|iPhoneSimulator
		AppStore|x64 = AppStore|x64
		AppStore|x86 = AppStore|x86
		Debug|Any CPU = Debug|Any CPU
		Debug|ARM = Debug|ARM
		Debug|iPhone = Debug|iPhone
		Debug|iPhoneSimulator = Debug|iPhoneSimulator
		Debug|x64 = Debug|x64
		Debug|x86 = Debug|x86
		Release|Any CPU = Release|Any CPU
		Release|ARM = Release|ARM
		Release|iPhone = Release|iPhone
		Release|iPhoneSimulator = Release|iPhoneSimulator
		Release|x64 = Release|x64
		Release|x86 = Release|x86
	EndGlobalSection
	GlobalSection(ProjectConfigurationPlatforms) = postSolution
		{921E45E3-BF2D-405D-BF2C-CA76F298C299}.Ad-Hoc|Any CPU.ActiveCfg = Release|Any CPU
		{921E45E3-BF2D-405D-BF2C-CA76F298C299}.Ad-Hoc|Any CPU.Build.0 = Release|Any CPU
		{921E45E3-BF2D-405D-BF2C-CA76F298C299}.Ad-Hoc|Any CPU.Deploy.0 = Release|Any CPU
		{921E45E3-BF2D-405D-BF2C-CA76F298C299}.Ad-Hoc|ARM.ActiveCfg = Release|Any CPU
		{921E45E3-BF2D-405D-BF2C-CA76F298C299}.Ad-Hoc|ARM.Build.0 = Release|Any CPU
		{921E45E3-BF2D-405D-BF2C-CA76F298C299}.Ad-Hoc|ARM.Deploy.0 = Release|Any CPU
		{921E45E3-BF2D-405D-BF2C-CA76F298C299}.Ad-Hoc|iPhone.ActiveCfg = Release|Any CPU
		{921E45E3-BF2D-405D-BF2C-CA76F298C299}.Ad-Hoc|iPhone.Build.0 = Release|Any CPU
		{921E45E3-BF2D-405D-BF2C-CA76F298C299}.Ad-Hoc|iPhone.Deploy.0 = Release|Any CPU
		{921E45E3-BF2D-405D-BF2C-CA76F298C299}.Ad-Hoc|iPhoneSimulator.ActiveCfg = Release|Any CPU
		{921E45E3-BF2D-405D-BF2C-CA76F298C299}.Ad-Hoc|iPhoneSimulator.Build.0 = Release|Any CPU
		{921E45E3-BF2D-405D-BF2C-CA76F298C299}.Ad-Hoc|iPhoneSimulator.Deploy.0 = Release|Any CPU
		{921E45E3-BF2D-405D-BF2C-CA76F298C299}.Ad-Hoc|x64.ActiveCfg = Release|Any CPU
		{921E45E3-BF2D-405D-BF2C-CA76F298C299}.Ad-Hoc|x64.Build.0 = Release|Any CPU
		{921E45E3-BF2D-405D-BF2C-CA76F298C299}.Ad-Hoc|x64.Deploy.0 = Release|Any CPU
		{921E45E3-BF2D-405D-BF2C-CA76F298C299}.Ad-Hoc|x86.ActiveCfg = Release|Any CPU
		{921E45E3-BF2D-405D-BF2C-CA76F298C299}.Ad-Hoc|x86.Build.0 = Release|Any CPU
		{921E45E3-BF2D-405D-BF2C-CA76F298C299}.Ad-Hoc|x86.Deploy.0 = Release|Any CPU
		{921E45E3-BF2D-405D-BF2C-CA76F298C299}.AppStore|Any CPU.ActiveCfg = Release|Any CPU
		{921E45E3-BF2D-405D-BF2C-CA76F298C299}.AppStore|Any CPU.Build.0 = Release|Any CPU
		{921E45E3-BF2D-405D-BF2C-CA76F298C299}.AppStore|Any CPU.Deploy.0 = Release|Any CPU
		{921E45E3-BF2D-405D-BF2C-CA76F298C299}.AppStore|ARM.ActiveCfg = Release|Any CPU
		{921E45E3-BF2D-405D-BF2C-CA76F298C299}.AppStore|ARM.Build.0 = Release|Any CPU
		{921E45E3-BF2D-405D-BF2C-CA76F298C299}.AppStore|ARM.Deploy.0 = Release|Any CPU
		{921E45E3-BF2D-405D-BF2C-CA76F298C299}.AppStore|iPhone.ActiveCfg = Release|Any CPU
		{921E45E3-BF2D-405D-BF2C-CA76F298C299}.AppStore|iPhone.Build.0 = Release|Any CPU
		{921E45E3-BF2D-405D-BF2C-CA76F298C299}.AppStore|iPhone.Deploy.0 = Release|Any CPU
		{921E45E3-BF2D-405D-BF2C-CA76F298C299}.AppStore|iPhoneSimulator.ActiveCfg = Release|Any CPU
		{921E45E3-BF2D-405D-BF2C-CA76F298C299}.AppStore|iPhoneSimulator.Build.0 = Release|Any CPU
		{921E45E3-BF2D-405D-BF2C-CA76F298C299}.AppStore|iPhoneSimulator.Deploy.0 = Release|Any CPU
		{921E45E3-BF2D-405D-BF2C-CA76F298C299}.AppStore|x64.ActiveCfg = Release|Any CPU
		{921E45E3-BF2D-405D-BF2C-CA76F298C299}.AppStore|x64.Build.0 = Release|Any CPU
		{921E45E3-BF2D-405D-BF2C-CA76F298C299}.AppStore|x64.Deploy.0 = Release|Any CPU
		{921E45E3-BF2D-405D-BF2C-CA76F298C299}.AppStore|x86.ActiveCfg = Release|Any CPU
		{921E45E3-BF2D-405D-BF2C-CA76F298C299}.AppStore|x86.Build.0 = Release|Any CPU
		{921E45E3-BF2D-405D-BF2C-CA76F298C299}.AppStore|x86.Deploy.0 = Release|Any CPU
		{921E45E3-BF2D-405D-BF2C-CA76F298C299}.Debug|Any CPU.ActiveCfg = Debug|Any CPU
		{921E45E3-BF2D-405D-BF2C-CA76F298C299}.Debug|Any CPU.Build.0 = Debug|Any CPU
		{921E45E3-BF2D-405D-BF2C-CA76F298C299}.Debug|Any CPU.Deploy.0 = Debug|Any CPU
		{921E45E3-BF2D-405D-BF2C-CA76F298C299}.Debug|ARM.ActiveCfg = Debug|Any CPU
		{921E45E3-BF2D-405D-BF2C-CA76F298C299}.Debug|ARM.Build.0 = Debug|Any CPU
		{921E45E3-BF2D-405D-BF2C-CA76F298C299}.Debug|ARM.Deploy.0 = Debug|Any CPU
		{921E45E3-BF2D-405D-BF2C-CA76F298C299}.Debug|iPhone.ActiveCfg = Debug|Any CPU
		{921E45E3-BF2D-405D-BF2C-CA76F298C299}.Debug|iPhone.Build.0 = Debug|Any CPU
		{921E45E3-BF2D-405D-BF2C-CA76F298C299}.Debug|iPhone.Deploy.0 = Debug|Any CPU
		{921E45E3-BF2D-405D-BF2C-CA76F298C299}.Debug|iPhoneSimulator.ActiveCfg = Debug|Any CPU
		{921E45E3-BF2D-405D-BF2C-CA76F298C299}.Debug|iPhoneSimulator.Build.0 = Debug|Any CPU
		{921E45E3-BF2D-405D-BF2C-CA76F298C299}.Debug|iPhoneSimulator.Deploy.0 = Debug|Any CPU
		{921E45E3-BF2D-405D-BF2C-CA76F298C299}.Debug|x64.ActiveCfg = Debug|Any CPU
		{921E45E3-BF2D-405D-BF2C-CA76F298C299}.Debug|x64.Build.0 = Debug|Any CPU
		{921E45E3-BF2D-405D-BF2C-CA76F298C299}.Debug|x64.Deploy.0 = Debug|Any CPU
		{921E45E3-BF2D-405D-BF2C-CA76F298C299}.Debug|x86.ActiveCfg = Debug|Any CPU
		{921E45E3-BF2D-405D-BF2C-CA76F298C299}.Debug|x86.Build.0 = Debug|Any CPU
		{921E45E3-BF2D-405D-BF2C-CA76F298C299}.Debug|x86.Deploy.0 = Debug|Any CPU
		{921E45E3-BF2D-405D-BF2C-CA76F298C299}.Release|Any CPU.ActiveCfg = Release|Any CPU
		{921E45E3-BF2D-405D-BF2C-CA76F298C299}.Release|Any CPU.Build.0 = Release|Any CPU
		{921E45E3-BF2D-405D-BF2C-CA76F298C299}.Release|Any CPU.Deploy.0 = Release|Any CPU
		{921E45E3-BF2D-405D-BF2C-CA76F298C299}.Release|ARM.ActiveCfg = Release|Any CPU
		{921E45E3-BF2D-405D-BF2C-CA76F298C299}.Release|ARM.Build.0 = Release|Any CPU
		{921E45E3-BF2D-405D-BF2C-CA76F298C299}.Release|ARM.Deploy.0 = Release|Any CPU
		{921E45E3-BF2D-405D-BF2C-CA76F298C299}.Release|iPhone.ActiveCfg = Release|Any CPU
		{921E45E3-BF2D-405D-BF2C-CA76F298C299}.Release|iPhone.Build.0 = Release|Any CPU
		{921E45E3-BF2D-405D-BF2C-CA76F298C299}.Release|iPhone.Deploy.0 = Release|Any CPU
		{921E45E3-BF2D-405D-BF2C-CA76F298C299}.Release|iPhoneSimulator.ActiveCfg = Release|Any CPU
		{921E45E3-BF2D-405D-BF2C-CA76F298C299}.Release|iPhoneSimulator.Build.0 = Release|Any CPU
		{921E45E3-BF2D-405D-BF2C-CA76F298C299}.Release|iPhoneSimulator.Deploy.0 = Release|Any CPU
		{921E45E3-BF2D-405D-BF2C-CA76F298C299}.Release|x64.ActiveCfg = Release|Any CPU
		{921E45E3-BF2D-405D-BF2C-CA76F298C299}.Release|x64.Build.0 = Release|Any CPU
		{921E45E3-BF2D-405D-BF2C-CA76F298C299}.Release|x64.Deploy.0 = Release|Any CPU
		{921E45E3-BF2D-405D-BF2C-CA76F298C299}.Release|x86.ActiveCfg = Release|Any CPU
		{921E45E3-BF2D-405D-BF2C-CA76F298C299}.Release|x86.Build.0 = Release|Any CPU
		{921E45E3-BF2D-405D-BF2C-CA76F298C299}.Release|x86.Deploy.0 = Release|Any CPU
		{76042C5E-722B-4CC9-BD72-CD7C9FE5601E}.Ad-Hoc|Any CPU.ActiveCfg = Release|Any CPU
		{76042C5E-722B-4CC9-BD72-CD7C9FE5601E}.Ad-Hoc|Any CPU.Build.0 = Release|Any CPU
		{76042C5E-722B-4CC9-BD72-CD7C9FE5601E}.Ad-Hoc|ARM.ActiveCfg = Release|Any CPU
		{76042C5E-722B-4CC9-BD72-CD7C9FE5601E}.Ad-Hoc|ARM.Build.0 = Release|Any CPU
		{76042C5E-722B-4CC9-BD72-CD7C9FE5601E}.Ad-Hoc|iPhone.ActiveCfg = Release|Any CPU
		{76042C5E-722B-4CC9-BD72-CD7C9FE5601E}.Ad-Hoc|iPhone.Build.0 = Release|Any CPU
		{76042C5E-722B-4CC9-BD72-CD7C9FE5601E}.Ad-Hoc|iPhoneSimulator.ActiveCfg = Release|Any CPU
		{76042C5E-722B-4CC9-BD72-CD7C9FE5601E}.Ad-Hoc|iPhoneSimulator.Build.0 = Release|Any CPU
		{76042C5E-722B-4CC9-BD72-CD7C9FE5601E}.Ad-Hoc|x64.ActiveCfg = Release|Any CPU
		{76042C5E-722B-4CC9-BD72-CD7C9FE5601E}.Ad-Hoc|x64.Build.0 = Release|Any CPU
		{76042C5E-722B-4CC9-BD72-CD7C9FE5601E}.Ad-Hoc|x86.ActiveCfg = Release|Any CPU
		{76042C5E-722B-4CC9-BD72-CD7C9FE5601E}.Ad-Hoc|x86.Build.0 = Release|Any CPU
		{76042C5E-722B-4CC9-BD72-CD7C9FE5601E}.AppStore|Any CPU.ActiveCfg = Release|Any CPU
		{76042C5E-722B-4CC9-BD72-CD7C9FE5601E}.AppStore|Any CPU.Build.0 = Release|Any CPU
		{76042C5E-722B-4CC9-BD72-CD7C9FE5601E}.AppStore|ARM.ActiveCfg = Release|Any CPU
		{76042C5E-722B-4CC9-BD72-CD7C9FE5601E}.AppStore|ARM.Build.0 = Release|Any CPU
		{76042C5E-722B-4CC9-BD72-CD7C9FE5601E}.AppStore|iPhone.ActiveCfg = Release|Any CPU
		{76042C5E-722B-4CC9-BD72-CD7C9FE5601E}.AppStore|iPhone.Build.0 = Release|Any CPU
		{76042C5E-722B-4CC9-BD72-CD7C9FE5601E}.AppStore|iPhoneSimulator.ActiveCfg = Release|Any CPU
		{76042C5E-722B-4CC9-BD72-CD7C9FE5601E}.AppStore|iPhoneSimulator.Build.0 = Release|Any CPU
		{76042C5E-722B-4CC9-BD72-CD7C9FE5601E}.AppStore|x64.ActiveCfg = Release|Any CPU
		{76042C5E-722B-4CC9-BD72-CD7C9FE5601E}.AppStore|x64.Build.0 = Release|Any CPU
		{76042C5E-722B-4CC9-BD72-CD7C9FE5601E}.AppStore|x86.ActiveCfg = Release|Any CPU
		{76042C5E-722B-4CC9-BD72-CD7C9FE5601E}.AppStore|x86.Build.0 = Release|Any CPU
		{76042C5E-722B-4CC9-BD72-CD7C9FE5601E}.Debug|Any CPU.ActiveCfg = Debug|Any CPU
		{76042C5E-722B-4CC9-BD72-CD7C9FE5601E}.Debug|Any CPU.Build.0 = Debug|Any CPU
		{76042C5E-722B-4CC9-BD72-CD7C9FE5601E}.Debug|ARM.ActiveCfg = Debug|Any CPU
		{76042C5E-722B-4CC9-BD72-CD7C9FE5601E}.Debug|ARM.Build.0 = Debug|Any CPU
		{76042C5E-722B-4CC9-BD72-CD7C9FE5601E}.Debug|iPhone.ActiveCfg = Debug|Any CPU
		{76042C5E-722B-4CC9-BD72-CD7C9FE5601E}.Debug|iPhone.Build.0 = Debug|Any CPU
		{76042C5E-722B-4CC9-BD72-CD7C9FE5601E}.Debug|iPhoneSimulator.ActiveCfg = Debug|Any CPU
		{76042C5E-722B-4CC9-BD72-CD7C9FE5601E}.Debug|iPhoneSimulator.Build.0 = Debug|Any CPU
		{76042C5E-722B-4CC9-BD72-CD7C9FE5601E}.Debug|x64.ActiveCfg = Debug|Any CPU
		{76042C5E-722B-4CC9-BD72-CD7C9FE5601E}.Debug|x64.Build.0 = Debug|Any CPU
		{76042C5E-722B-4CC9-BD72-CD7C9FE5601E}.Debug|x86.ActiveCfg = Debug|Any CPU
		{76042C5E-722B-4CC9-BD72-CD7C9FE5601E}.Debug|x86.Build.0 = Debug|Any CPU
		{76042C5E-722B-4CC9-BD72-CD7C9FE5601E}.Release|Any CPU.ActiveCfg = Release|Any CPU
		{76042C5E-722B-4CC9-BD72-CD7C9FE5601E}.Release|Any CPU.Build.0 = Release|Any CPU
		{76042C5E-722B-4CC9-BD72-CD7C9FE5601E}.Release|ARM.ActiveCfg = Release|Any CPU
		{76042C5E-722B-4CC9-BD72-CD7C9FE5601E}.Release|ARM.Build.0 = Release|Any CPU
		{76042C5E-722B-4CC9-BD72-CD7C9FE5601E}.Release|iPhone.ActiveCfg = Release|Any CPU
		{76042C5E-722B-4CC9-BD72-CD7C9FE5601E}.Release|iPhone.Build.0 = Release|Any CPU
		{76042C5E-722B-4CC9-BD72-CD7C9FE5601E}.Release|iPhoneSimulator.ActiveCfg = Release|Any CPU
		{76042C5E-722B-4CC9-BD72-CD7C9FE5601E}.Release|iPhoneSimulator.Build.0 = Release|Any CPU
		{76042C5E-722B-4CC9-BD72-CD7C9FE5601E}.Release|x64.ActiveCfg = Release|Any CPU
		{76042C5E-722B-4CC9-BD72-CD7C9FE5601E}.Release|x64.Build.0 = Release|Any CPU
		{76042C5E-722B-4CC9-BD72-CD7C9FE5601E}.Release|x86.ActiveCfg = Release|Any CPU
		{76042C5E-722B-4CC9-BD72-CD7C9FE5601E}.Release|x86.Build.0 = Release|Any CPU
		{63C4886D-E62C-4C9C-BF94-36E0462EE1A7}.Ad-Hoc|Any CPU.ActiveCfg = Release|x86
		{63C4886D-E62C-4C9C-BF94-36E0462EE1A7}.Ad-Hoc|Any CPU.Build.0 = Release|x86
		{63C4886D-E62C-4C9C-BF94-36E0462EE1A7}.Ad-Hoc|Any CPU.Deploy.0 = Release|x86
		{63C4886D-E62C-4C9C-BF94-36E0462EE1A7}.Ad-Hoc|ARM.ActiveCfg = Release|ARM
		{63C4886D-E62C-4C9C-BF94-36E0462EE1A7}.Ad-Hoc|ARM.Build.0 = Release|ARM
		{63C4886D-E62C-4C9C-BF94-36E0462EE1A7}.Ad-Hoc|ARM.Deploy.0 = Release|ARM
		{63C4886D-E62C-4C9C-BF94-36E0462EE1A7}.Ad-Hoc|iPhone.ActiveCfg = Release|x86
		{63C4886D-E62C-4C9C-BF94-36E0462EE1A7}.Ad-Hoc|iPhone.Build.0 = Release|x86
		{63C4886D-E62C-4C9C-BF94-36E0462EE1A7}.Ad-Hoc|iPhone.Deploy.0 = Release|x86
		{63C4886D-E62C-4C9C-BF94-36E0462EE1A7}.Ad-Hoc|iPhoneSimulator.ActiveCfg = Release|x86
		{63C4886D-E62C-4C9C-BF94-36E0462EE1A7}.Ad-Hoc|iPhoneSimulator.Build.0 = Release|x86
		{63C4886D-E62C-4C9C-BF94-36E0462EE1A7}.Ad-Hoc|iPhoneSimulator.Deploy.0 = Release|x86
		{63C4886D-E62C-4C9C-BF94-36E0462EE1A7}.Ad-Hoc|x64.ActiveCfg = Release|x64
		{63C4886D-E62C-4C9C-BF94-36E0462EE1A7}.Ad-Hoc|x64.Build.0 = Release|x64
		{63C4886D-E62C-4C9C-BF94-36E0462EE1A7}.Ad-Hoc|x64.Deploy.0 = Release|x64
		{63C4886D-E62C-4C9C-BF94-36E0462EE1A7}.Ad-Hoc|x86.ActiveCfg = Release|x86
		{63C4886D-E62C-4C9C-BF94-36E0462EE1A7}.Ad-Hoc|x86.Build.0 = Release|x86
		{63C4886D-E62C-4C9C-BF94-36E0462EE1A7}.Ad-Hoc|x86.Deploy.0 = Release|x86
		{63C4886D-E62C-4C9C-BF94-36E0462EE1A7}.AppStore|Any CPU.ActiveCfg = Release|x86
		{63C4886D-E62C-4C9C-BF94-36E0462EE1A7}.AppStore|Any CPU.Build.0 = Release|x86
		{63C4886D-E62C-4C9C-BF94-36E0462EE1A7}.AppStore|Any CPU.Deploy.0 = Release|x86
		{63C4886D-E62C-4C9C-BF94-36E0462EE1A7}.AppStore|ARM.ActiveCfg = Release|ARM
		{63C4886D-E62C-4C9C-BF94-36E0462EE1A7}.AppStore|ARM.Build.0 = Release|ARM
		{63C4886D-E62C-4C9C-BF94-36E0462EE1A7}.AppStore|ARM.Deploy.0 = Release|ARM
		{63C4886D-E62C-4C9C-BF94-36E0462EE1A7}.AppStore|iPhone.ActiveCfg = Release|x86
		{63C4886D-E62C-4C9C-BF94-36E0462EE1A7}.AppStore|iPhone.Build.0 = Release|x86
		{63C4886D-E62C-4C9C-BF94-36E0462EE1A7}.AppStore|iPhone.Deploy.0 = Release|x86
		{63C4886D-E62C-4C9C-BF94-36E0462EE1A7}.AppStore|iPhoneSimulator.ActiveCfg = Release|x86
		{63C4886D-E62C-4C9C-BF94-36E0462EE1A7}.AppStore|iPhoneSimulator.Build.0 = Release|x86
		{63C4886D-E62C-4C9C-BF94-36E0462EE1A7}.AppStore|iPhoneSimulator.Deploy.0 = Release|x86
		{63C4886D-E62C-4C9C-BF94-36E0462EE1A7}.AppStore|x64.ActiveCfg = Release|x64
		{63C4886D-E62C-4C9C-BF94-36E0462EE1A7}.AppStore|x64.Build.0 = Release|x64
		{63C4886D-E62C-4C9C-BF94-36E0462EE1A7}.AppStore|x64.Deploy.0 = Release|x64
		{63C4886D-E62C-4C9C-BF94-36E0462EE1A7}.AppStore|x86.ActiveCfg = Release|x86
		{63C4886D-E62C-4C9C-BF94-36E0462EE1A7}.AppStore|x86.Build.0 = Release|x86
		{63C4886D-E62C-4C9C-BF94-36E0462EE1A7}.AppStore|x86.Deploy.0 = Release|x86
		{63C4886D-E62C-4C9C-BF94-36E0462EE1A7}.Debug|Any CPU.ActiveCfg = Debug|x86
		{63C4886D-E62C-4C9C-BF94-36E0462EE1A7}.Debug|ARM.ActiveCfg = Debug|ARM
		{63C4886D-E62C-4C9C-BF94-36E0462EE1A7}.Debug|ARM.Build.0 = Debug|ARM
		{63C4886D-E62C-4C9C-BF94-36E0462EE1A7}.Debug|ARM.Deploy.0 = Debug|ARM
		{63C4886D-E62C-4C9C-BF94-36E0462EE1A7}.Debug|iPhone.ActiveCfg = Debug|x86
		{63C4886D-E62C-4C9C-BF94-36E0462EE1A7}.Debug|iPhoneSimulator.ActiveCfg = Debug|x86
		{63C4886D-E62C-4C9C-BF94-36E0462EE1A7}.Debug|x64.ActiveCfg = Debug|x64
		{63C4886D-E62C-4C9C-BF94-36E0462EE1A7}.Debug|x64.Build.0 = Debug|x64
		{63C4886D-E62C-4C9C-BF94-36E0462EE1A7}.Debug|x64.Deploy.0 = Debug|x64
		{63C4886D-E62C-4C9C-BF94-36E0462EE1A7}.Debug|x86.ActiveCfg = Debug|x86
		{63C4886D-E62C-4C9C-BF94-36E0462EE1A7}.Debug|x86.Build.0 = Debug|x86
		{63C4886D-E62C-4C9C-BF94-36E0462EE1A7}.Debug|x86.Deploy.0 = Debug|x86
		{63C4886D-E62C-4C9C-BF94-36E0462EE1A7}.Release|Any CPU.ActiveCfg = Release|x86
		{63C4886D-E62C-4C9C-BF94-36E0462EE1A7}.Release|ARM.ActiveCfg = Release|ARM
		{63C4886D-E62C-4C9C-BF94-36E0462EE1A7}.Release|ARM.Build.0 = Release|ARM
		{63C4886D-E62C-4C9C-BF94-36E0462EE1A7}.Release|ARM.Deploy.0 = Release|ARM
		{63C4886D-E62C-4C9C-BF94-36E0462EE1A7}.Release|iPhone.ActiveCfg = Release|x86
		{63C4886D-E62C-4C9C-BF94-36E0462EE1A7}.Release|iPhoneSimulator.ActiveCfg = Release|x86
		{63C4886D-E62C-4C9C-BF94-36E0462EE1A7}.Release|x64.ActiveCfg = Release|x64
		{63C4886D-E62C-4C9C-BF94-36E0462EE1A7}.Release|x64.Build.0 = Release|x64
		{63C4886D-E62C-4C9C-BF94-36E0462EE1A7}.Release|x64.Deploy.0 = Release|x64
		{63C4886D-E62C-4C9C-BF94-36E0462EE1A7}.Release|x86.ActiveCfg = Release|x86
		{63C4886D-E62C-4C9C-BF94-36E0462EE1A7}.Release|x86.Build.0 = Release|x86
		{63C4886D-E62C-4C9C-BF94-36E0462EE1A7}.Release|x86.Deploy.0 = Release|x86
		{62427EF7-6028-40EE-9430-B2BC2B5083DF}.Ad-Hoc|Any CPU.ActiveCfg = Ad-Hoc|iPhone
		{62427EF7-6028-40EE-9430-B2BC2B5083DF}.Ad-Hoc|ARM.ActiveCfg = Ad-Hoc|iPhone
		{62427EF7-6028-40EE-9430-B2BC2B5083DF}.Ad-Hoc|iPhone.ActiveCfg = Ad-Hoc|iPhone
		{62427EF7-6028-40EE-9430-B2BC2B5083DF}.Ad-Hoc|iPhone.Build.0 = Ad-Hoc|iPhone
		{62427EF7-6028-40EE-9430-B2BC2B5083DF}.Ad-Hoc|iPhoneSimulator.ActiveCfg = Ad-Hoc|iPhoneSimulator
		{62427EF7-6028-40EE-9430-B2BC2B5083DF}.Ad-Hoc|iPhoneSimulator.Build.0 = Ad-Hoc|iPhoneSimulator
		{62427EF7-6028-40EE-9430-B2BC2B5083DF}.Ad-Hoc|x64.ActiveCfg = Ad-Hoc|iPhone
		{62427EF7-6028-40EE-9430-B2BC2B5083DF}.Ad-Hoc|x86.ActiveCfg = Ad-Hoc|iPhone
		{62427EF7-6028-40EE-9430-B2BC2B5083DF}.AppStore|Any CPU.ActiveCfg = AppStore|iPhone
		{62427EF7-6028-40EE-9430-B2BC2B5083DF}.AppStore|ARM.ActiveCfg = AppStore|iPhone
		{62427EF7-6028-40EE-9430-B2BC2B5083DF}.AppStore|iPhone.ActiveCfg = AppStore|iPhone
		{62427EF7-6028-40EE-9430-B2BC2B5083DF}.AppStore|iPhone.Build.0 = AppStore|iPhone
		{62427EF7-6028-40EE-9430-B2BC2B5083DF}.AppStore|iPhoneSimulator.ActiveCfg = AppStore|iPhoneSimulator
		{62427EF7-6028-40EE-9430-B2BC2B5083DF}.AppStore|iPhoneSimulator.Build.0 = AppStore|iPhoneSimulator
		{62427EF7-6028-40EE-9430-B2BC2B5083DF}.AppStore|x64.ActiveCfg = AppStore|iPhone
		{62427EF7-6028-40EE-9430-B2BC2B5083DF}.AppStore|x86.ActiveCfg = AppStore|iPhone
		{62427EF7-6028-40EE-9430-B2BC2B5083DF}.Debug|Any CPU.ActiveCfg = Debug|iPhone
		{62427EF7-6028-40EE-9430-B2BC2B5083DF}.Debug|ARM.ActiveCfg = Debug|iPhone
		{62427EF7-6028-40EE-9430-B2BC2B5083DF}.Debug|iPhone.ActiveCfg = Debug|iPhone
		{62427EF7-6028-40EE-9430-B2BC2B5083DF}.Debug|iPhone.Build.0 = Debug|iPhone
		{62427EF7-6028-40EE-9430-B2BC2B5083DF}.Debug|iPhoneSimulator.ActiveCfg = Debug|iPhoneSimulator
		{62427EF7-6028-40EE-9430-B2BC2B5083DF}.Debug|iPhoneSimulator.Build.0 = Debug|iPhoneSimulator
		{62427EF7-6028-40EE-9430-B2BC2B5083DF}.Debug|x64.ActiveCfg = Debug|iPhone
		{62427EF7-6028-40EE-9430-B2BC2B5083DF}.Debug|x86.ActiveCfg = Debug|iPhone
		{62427EF7-6028-40EE-9430-B2BC2B5083DF}.Release|Any CPU.ActiveCfg = Release|iPhone
		{62427EF7-6028-40EE-9430-B2BC2B5083DF}.Release|ARM.ActiveCfg = Release|iPhone
		{62427EF7-6028-40EE-9430-B2BC2B5083DF}.Release|iPhone.ActiveCfg = Release|iPhone
		{62427EF7-6028-40EE-9430-B2BC2B5083DF}.Release|iPhone.Build.0 = Release|iPhone
		{62427EF7-6028-40EE-9430-B2BC2B5083DF}.Release|iPhoneSimulator.ActiveCfg = Release|iPhoneSimulator
		{62427EF7-6028-40EE-9430-B2BC2B5083DF}.Release|iPhoneSimulator.Build.0 = Release|iPhoneSimulator
		{62427EF7-6028-40EE-9430-B2BC2B5083DF}.Release|x64.ActiveCfg = Release|iPhone
		{62427EF7-6028-40EE-9430-B2BC2B5083DF}.Release|x86.ActiveCfg = Release|iPhone
	EndGlobalSection
	GlobalSection(SolutionProperties) = preSolution
		HideSolutionNode = FALSE
	EndGlobalSection
EndGlobal
